// !$*UTF8*$!
{
	archiveVersion = 1;
	classes = {
	};
	objectVersion = 46;
	objects = {

/* Begin PBXBuildFile section */
		042BBBF117DF3421250DA136 /* Images.xcassets */ = {isa = PBXBuildFile; fileRef = 43A185A068B708E507F116D2; };
		0640C6CDF089964F6A33ED94 /* LaunchScreen.storyboard */ = {isa = PBXBuildFile; fileRef = F1BEC3E8D5D88EEB09D675BA; };
		1A50FED5507640FD4814B9B7 /* QuartzCore.framework */ = {isa = PBXBuildFile; fileRef = 8A78BD306BD1928639FAC27E; };
		32925D12739E4E07A4C16804 /* CoreGraphics.framework */ = {isa = PBXBuildFile; fileRef = 03296456E2BB19604726B831; };
		5EBA224AB635403932601E1C /* MetalKit.framework */ = {isa = PBXBuildFile; fileRef = 115963B418344091AB35BD79; settings = { ATTRIBUTES = (Weak, ); }; };
		6072FB0D82EAFDCA640741D5 /* include_juce_core.mm */ = {isa = PBXBuildFile; fileRef = B3FAB8519CBE8C99A460A012; };
		70B7DFDA9406BEC74A91D158 /* include_juce_events.mm */ = {isa = PBXBuildFile; fileRef = 893260951BEF4CBBC8E7A073; };
		71151AA261649EEF696D8DBF /* CoreText.framework */ = {isa = PBXBuildFile; fileRef = A9D7F22498F5446A90CD17BA; };
		7F48265E8CE5C2E72651EFAC /* include_juce_gui_basics.mm */ = {isa = PBXBuildFile; fileRef = BB92805BD8EE46D8B15E4913; };
		89EFF27116D06A2D4E64E0AB /* CoreServices.framework */ = {isa = PBXBuildFile; fileRef = 4F52DFD5199E9D95B58ABEB1; };
		9F892E5CFB2761631A4B9EEC /* App */ = {isa = PBXBuildFile; fileRef = 9A66C287D7CCCE2DFF38EF68; };
		A86CF70AA8DC2EE8EB7AD07D /* Metal.framework */ = {isa = PBXBuildFile; fileRef = 2EB4F8FED4B28613B8750561; settings = { ATTRIBUTES = (Weak, ); }; };
		AEFA85D5DDF88343CCE83A8C /* CoreImage.framework */ = {isa = PBXBuildFile; fileRef = 26F0DB6FBD0A1927E1947E8C; };
		B11629AAA9EE385563C6B408 /* include_juce_data_structures.mm */ = {isa = PBXBuildFile; fileRef = CC7A514796B50374DA84CF49; };
		B42F60D84638710D706323F7 /* MainComponent.cpp */ = {isa = PBXBuildFile; fileRef = F6597C3AA7DBC383179BCC28; };
		BA34BDE37078DEFA7C99DACD /* UIKit.framework */ = {isa = PBXBuildFile; fileRef = 0BE00D6B280F44E1B8FA0D25; };
		C59D1D3C160FF41FA007D14E /* Main.cpp */ = {isa = PBXBuildFile; fileRef = 0A16414ECEFB4588B1C4944B; };
		DFC1463D568CDFCEA662DA59 /* include_juce_graphics.mm */ = {isa = PBXBuildFile; fileRef = DFAF6BC80096678831F52BC8; };
		EF3FB68DED75DBDE7C24D41C /* Foundation.framework */ = {isa = PBXBuildFile; fileRef = AFDB10FC8D7E02637B5ED4F0; };
/* End PBXBuildFile section */

/* Begin PBXFileReference section */
		03296456E2BB19604726B831 /* CoreGraphics.framework */ /* CoreGraphics.framework */ = {isa = PBXFileReference; lastKnownFileType = wrapper.framework; name = CoreGraphics.framework; path = System/Library/Frameworks/CoreGraphics.framework; sourceTree = SDKROOT; };
		0931D3583477486D986F25EE /* Info-App.plist */ /* Info-App.plist */ = {isa = PBXFileReference; lastKnownFileType = text.plist.xml; name = "Info-App.plist"; path = "Info-App.plist"; sourceTree = SOURCE_ROOT; };
		0A16414ECEFB4588B1C4944B /* Main.cpp */ /* Main.cpp */ = {isa = PBXFileReference; lastKnownFileType = sourcecode.cpp.cpp; name = Main.cpp; path = ../../Source/Main.cpp; sourceTree = SOURCE_ROOT; };
		0BE00D6B280F44E1B8FA0D25 /* UIKit.framework */ /* UIKit.framework */ = {isa = PBXFileReference; lastKnownFileType = wrapper.framework; name = UIKit.framework; path = System/Library/Frameworks/UIKit.framework; sourceTree = SDKROOT; };
		115963B418344091AB35BD79 /* MetalKit.framework */ /* MetalKit.framework */ = {isa = PBXFileReference; lastKnownFileType = wrapper.framework; name = MetalKit.framework; path = System/Library/Frameworks/MetalKit.framework; sourceTree = SDKROOT; };
		1BAEBDC17626C16A140E7E23 /* juce_gui_basics */ /* juce_gui_basics */ = {isa = PBXFileReference; lastKnownFileType = folder; name = juce_gui_basics; path = ../../JuceLibraryCode/modules/juce_gui_basics; sourceTree = SOURCE_ROOT; };
		26F0DB6FBD0A1927E1947E8C /* CoreImage.framework */ /* CoreImage.framework */ = {isa = PBXFileReference; lastKnownFileType = wrapper.framework; name = CoreImage.framework; path = System/Library/Frameworks/CoreImage.framework; sourceTree = SDKROOT; };
		2EB4F8FED4B28613B8750561 /* Metal.framework */ /* Metal.framework */ = {isa = PBXFileReference; lastKnownFileType = wrapper.framework; name = Metal.framework; path = System/Library/Frameworks/Metal.framework; sourceTree = SDKROOT; };
		43A185A068B708E507F116D2 /* Images.xcassets */ /* Images.xcassets */ = {isa = PBXFileReference; lastKnownFileType = folder.assetcatalog; name = Images.xcassets; path = eksEndLoop/Images.xcassets; sourceTree = SOURCE_ROOT; };
		4E4E80069CACDF281DF113B6 /* juce_graphics */ /* juce_graphics */ = {isa = PBXFileReference; lastKnownFileType = folder; name = juce_graphics; path = ../../JuceLibraryCode/modules/juce_graphics; sourceTree = SOURCE_ROOT; };
		4F52DFD5199E9D95B58ABEB1 /* CoreServices.framework */ /* CoreServices.framework */ = {isa = PBXFileReference; lastKnownFileType = wrapper.framework; name = CoreServices.framework; path = System/Library/Frameworks/CoreServices.framework; sourceTree = SDKROOT; };
		7CAC62619AC5060EA56BDBA3 /* MainComponent.h */ /* MainComponent.h */ = {isa = PBXFileReference; lastKnownFileType = sourcecode.c.h; name = MainComponent.h; path = ../../Source/MainComponent.h; sourceTree = SOURCE_ROOT; };
		893260951BEF4CBBC8E7A073 /* include_juce_events.mm */ /* include_juce_events.mm */ = {isa = PBXFileReference; lastKnownFileType = sourcecode.cpp.objcpp; name = include_juce_events.mm; path = ../../JuceLibraryCode/include_juce_events.mm; sourceTree = SOURCE_ROOT; };
		8A78BD306BD1928639FAC27E /* QuartzCore.framework */ /* QuartzCore.framework */ = {isa = PBXFileReference; lastKnownFileType = wrapper.framework; name = QuartzCore.framework; path = System/Library/Frameworks/QuartzCore.framework; sourceTree = SDKROOT; };
		920765224D82EAF22D8E3347 /* juce_events */ /* juce_events */ = {isa = PBXFileReference; lastKnownFileType = folder; name = juce_events; path = ../../JuceLibraryCode/modules/juce_events; sourceTree = SOURCE_ROOT; };
		978A9CE9E3B84D572F6782E9 /* juce_data_structures */ /* juce_data_structures */ = {isa = PBXFileReference; lastKnownFileType = folder; name = juce_data_structures; path = ../../JuceLibraryCode/modules/juce_data_structures; sourceTree = SOURCE_ROOT; };
		9A66C287D7CCCE2DFF38EF68 /* App */ = {isa = PBXFileReference; explicitFileType = wrapper.application; includeInIndex = 0; path = eksEndLoop.app; sourceTree = BUILT_PRODUCTS_DIR; };
		A9D7F22498F5446A90CD17BA /* CoreText.framework */ /* CoreText.framework */ = {isa = PBXFileReference; lastKnownFileType = wrapper.framework; name = CoreText.framework; path = System/Library/Frameworks/CoreText.framework; sourceTree = SDKROOT; };
		AFDB10FC8D7E02637B5ED4F0 /* Foundation.framework */ /* Foundation.framework */ = {isa = PBXFileReference; lastKnownFileType = wrapper.framework; name = Foundation.framework; path = System/Library/Frameworks/Foundation.framework; sourceTree = SDKROOT; };
		B3FAB8519CBE8C99A460A012 /* include_juce_core.mm */ /* include_juce_core.mm */ = {isa = PBXFileReference; lastKnownFileType = sourcecode.cpp.objcpp; name = include_juce_core.mm; path = ../../JuceLibraryCode/include_juce_core.mm; sourceTree = SOURCE_ROOT; };
		BB92805BD8EE46D8B15E4913 /* include_juce_gui_basics.mm */ /* include_juce_gui_basics.mm */ = {isa = PBXFileReference; lastKnownFileType = sourcecode.cpp.objcpp; name = include_juce_gui_basics.mm; path = ../../JuceLibraryCode/include_juce_gui_basics.mm; sourceTree = SOURCE_ROOT; };
		CC7A514796B50374DA84CF49 /* include_juce_data_structures.mm */ /* include_juce_data_structures.mm */ = {isa = PBXFileReference; lastKnownFileType = sourcecode.cpp.objcpp; name = include_juce_data_structures.mm; path = ../../JuceLibraryCode/include_juce_data_structures.mm; sourceTree = SOURCE_ROOT; };
		DCA7E1AEF2559A997B48212B /* JuceHeader.h */ /* JuceHeader.h */ = {isa = PBXFileReference; lastKnownFileType = sourcecode.c.h; name = JuceHeader.h; path = ../../JuceLibraryCode/JuceHeader.h; sourceTree = SOURCE_ROOT; };
		DE8571F9C80814AC21779B55 /* juce_core */ /* juce_core */ = {isa = PBXFileReference; lastKnownFileType = folder; name = juce_core; path = ../../JuceLibraryCode/modules/juce_core; sourceTree = SOURCE_ROOT; };
		DFAF6BC80096678831F52BC8 /* include_juce_graphics.mm */ /* include_juce_graphics.mm */ = {isa = PBXFileReference; lastKnownFileType = sourcecode.cpp.objcpp; name = include_juce_graphics.mm; path = ../../JuceLibraryCode/include_juce_graphics.mm; sourceTree = SOURCE_ROOT; };
		F1BEC3E8D5D88EEB09D675BA /* LaunchScreen.storyboard */ /* LaunchScreen.storyboard */ = {isa = PBXFileReference; lastKnownFileType = file.storyboard; name = LaunchScreen.storyboard; path = LaunchScreen.storyboard; sourceTree = SOURCE_ROOT; };
		F6597C3AA7DBC383179BCC28 /* MainComponent.cpp */ /* MainComponent.cpp */ = {isa = PBXFileReference; lastKnownFileType = sourcecode.cpp.cpp; name = MainComponent.cpp; path = ../../Source/MainComponent.cpp; sourceTree = SOURCE_ROOT; };
/* End PBXFileReference section */

/* Begin PBXFrameworksBuildPhase section */
		07A87E53ED232985E52B6682 = {
			isa = PBXFrameworksBuildPhase;
			buildActionMask = 2147483647;
			files = (
				32925D12739E4E07A4C16804,
				AEFA85D5DDF88343CCE83A8C,
				89EFF27116D06A2D4E64E0AB,
				71151AA261649EEF696D8DBF,
				EF3FB68DED75DBDE7C24D41C,
				1A50FED5507640FD4814B9B7,
				BA34BDE37078DEFA7C99DACD,
				A86CF70AA8DC2EE8EB7AD07D,
				5EBA224AB635403932601E1C,
			);
			runOnlyForDeploymentPostprocessing = 0;
		};
/* End PBXFrameworksBuildPhase section */

/* Begin PBXGroup section */
		42FE85457A9EA08C769612DF /* JUCE Library Code */ = {
			isa = PBXGroup;
			children = (
				B3FAB8519CBE8C99A460A012,
				CC7A514796B50374DA84CF49,
				893260951BEF4CBBC8E7A073,
				DFAF6BC80096678831F52BC8,
				BB92805BD8EE46D8B15E4913,
				DCA7E1AEF2559A997B48212B,
			);
			name = "JUCE Library Code";
			sourceTree = "<group>";
		};
		44571D48AD9B59514D890461 /* Products */ = {
			isa = PBXGroup;
			children = (
				9A66C287D7CCCE2DFF38EF68,
			);
			name = Products;
			sourceTree = "<group>";
		};
		53A74F2B1A60CDA46EDC5AE4 /* Source */ = {
			isa = PBXGroup;
			children = (
				9E858FAA600C46B94FB4AF6D,
				ED6A30DD6E4CFF90B6338DF2,
				42FE85457A9EA08C769612DF,
				B526C294187C723A44CAF4A4,
				C4AF03AC4C280DD4F058FD24,
				44571D48AD9B59514D890461,
			);
			name = Source;
			sourceTree = "<group>";
		};
		91F541B24440D5F2B7F78A96 /* Source */ = {
			isa = PBXGroup;
			children = (
				0A16414ECEFB4588B1C4944B,
				7CAC62619AC5060EA56BDBA3,
				F6597C3AA7DBC383179BCC28,
			);
			name = Source;
			sourceTree = "<group>";
		};
		9E858FAA600C46B94FB4AF6D /* eksEndLoop */ = {
			isa = PBXGroup;
			children = (
				91F541B24440D5F2B7F78A96,
			);
			name = eksEndLoop;
			sourceTree = "<group>";
		};
		B526C294187C723A44CAF4A4 /* Resources */ = {
			isa = PBXGroup;
			children = (
				0931D3583477486D986F25EE,
				43A185A068B708E507F116D2,
				F1BEC3E8D5D88EEB09D675BA,
			);
			name = Resources;
			sourceTree = "<group>";
		};
		C4AF03AC4C280DD4F058FD24 /* Frameworks */ = {
			isa = PBXGroup;
			children = (
				03296456E2BB19604726B831,
				26F0DB6FBD0A1927E1947E8C,
				4F52DFD5199E9D95B58ABEB1,
				A9D7F22498F5446A90CD17BA,
				AFDB10FC8D7E02637B5ED4F0,
				8A78BD306BD1928639FAC27E,
				0BE00D6B280F44E1B8FA0D25,
				2EB4F8FED4B28613B8750561,
				115963B418344091AB35BD79,
			);
			name = Frameworks;
			sourceTree = "<group>";
		};
		ED6A30DD6E4CFF90B6338DF2 /* JUCE Modules */ = {
			isa = PBXGroup;
			children = (
				DE8571F9C80814AC21779B55,
				978A9CE9E3B84D572F6782E9,
				920765224D82EAF22D8E3347,
				4E4E80069CACDF281DF113B6,
				1BAEBDC17626C16A140E7E23,
			);
			name = "JUCE Modules";
			sourceTree = "<group>";
		};
/* End PBXGroup section */

/* Begin PBXNativeTarget section */
		C76ED212C82825EF29D15D6C /* eksEndLoop - App */ = {
			isa = PBXNativeTarget;
			buildConfigurationList = CE7438B7EB1276960848517D;
			buildPhases = (
				B77584EC052FE5A063992991,
				179A0D528228551585FB1D1B,
				07A87E53ED232985E52B6682,
			);
			buildRules = (
			);
			dependencies = (
			);
			name = "eksEndLoop - App";
			productName = eksEndLoop;
			productReference = 9A66C287D7CCCE2DFF38EF68;
			productType = "com.apple.product-type.application";
		};
/* End PBXNativeTarget section */

/* Begin PBXProject section */
		E2EB999F174AC299AAAEAF77 = {
			isa = PBXProject;
			attributes = {
				BuildIndependentTargetsInParallel = YES;
				LastUpgradeCheck = 1340;
				ORGANIZATIONNAME = "";
				TargetAttributes = {
					C76ED212C82825EF29D15D6C = {
						SystemCapabilities = {
							com.apple.ApplicationGroups.iOS = {
								enabled = 0;
							};
							com.apple.HardenedRuntime = {
								enabled = 0;
							};
							com.apple.InAppPurchase = {
								enabled = 0;
							};
							com.apple.InterAppAudio = {
								enabled = 0;
							};
							com.apple.Push = {
								enabled = 0;
							};
							com.apple.Sandbox = {
								enabled = 0;
							};
						};
					};
				};
			};
			buildConfigurationList = 36576D1C0A705721E0A7E90F;
			compatibilityVersion = "Xcode 3.2";
			hasScannedForEncodings = 0;
			knownRegions = (
				en,
				Base,
			);
			mainGroup = 53A74F2B1A60CDA46EDC5AE4;
			projectDirPath = "";
			projectRoot = "";
			targets = (
				C76ED212C82825EF29D15D6C,
			);
		};
/* End PBXProject section */

/* Begin PBXResourcesBuildPhase section */
		B77584EC052FE5A063992991 = {
			isa = PBXResourcesBuildPhase;
			buildActionMask = 2147483647;
			files = (
				042BBBF117DF3421250DA136,
				0640C6CDF089964F6A33ED94,
			);
			runOnlyForDeploymentPostprocessing = 0;
		};
/* End PBXResourcesBuildPhase section */

/* Begin PBXSourcesBuildPhase section */
		179A0D528228551585FB1D1B = {
			isa = PBXSourcesBuildPhase;
			buildActionMask = 2147483647;
			files = (
				C59D1D3C160FF41FA007D14E,
				B42F60D84638710D706323F7,
				6072FB0D82EAFDCA640741D5,
				B11629AAA9EE385563C6B408,
				70B7DFDA9406BEC74A91D158,
				DFC1463D568CDFCEA662DA59,
				7F48265E8CE5C2E72651EFAC,
			);
			runOnlyForDeploymentPostprocessing = 0;
		};
/* End PBXSourcesBuildPhase section */

/* Begin XCBuildConfiguration section */
		8B6DB163518B4454E83053FC /* Release */ = {
			isa = XCBuildConfiguration;
			buildSettings = {
				ASSETCATALOG_COMPILER_APPICON_NAME = AppIcon;
				CLANG_CXX_LANGUAGE_STANDARD = "c++17";
				CLANG_CXX_LIBRARY = "libc++";
				CLANG_LINK_OBJC_RUNTIME = NO;
				COMBINE_HIDPI_IMAGES = YES;
				CONFIGURATION_BUILD_DIR = "$(PROJECT_DIR)/build/$(CONFIGURATION)";
				DEAD_CODE_STRIPPING = YES;
				GCC_GENERATE_DEBUGGING_SYMBOLS = NO;
				GCC_OPTIMIZATION_LEVEL = 3;
				GCC_PREPROCESSOR_DEFINITIONS = (
					"_NDEBUG=1",
					"NDEBUG=1",
					"JUCE_CONTENT_SHARING=1",
					"JUCE_DISPLAY_SPLASH_SCREEN=1",
					"JUCE_USE_DARK_SPLASH_SCREEN=1",
					"JUCE_PROJUCER_VERSION=0x7000c",
					"JUCE_MODULE_AVAILABLE_juce_core=1",
					"JUCE_MODULE_AVAILABLE_juce_data_structures=1",
					"JUCE_MODULE_AVAILABLE_juce_events=1",
					"JUCE_MODULE_AVAILABLE_juce_graphics=1",
					"JUCE_MODULE_AVAILABLE_juce_gui_basics=1",
					"JUCE_GLOBAL_MODULE_SETTINGS_INCLUDED=1",
					"JUCE_STRICT_REFCOUNTEDPOINTER=1",
					"JUCE_STANDALONE_APPLICATION=1",
					"JUCER_XCODE_IPHONE_5BC26AE3=1",
					"JUCE_APP_VERSION=1.0.0",
					"JUCE_APP_VERSION_HEX=0x10000",
					"JucePlugin_Build_VST=0",
					"JucePlugin_Build_VST3=0",
					"JucePlugin_Build_AU=0",
					"JucePlugin_Build_AUv3=0",
					"JucePlugin_Build_AAX=0",
					"JucePlugin_Build_Standalone=0",
					"JucePlugin_Build_Unity=0",
					"JucePlugin_Build_LV2=0",
				);
				GCC_VERSION = com.apple.compilers.llvm.clang.1_0;
				HEADER_SEARCH_PATHS = (
					"$(SRCROOT)/../../JuceLibraryCode",
					"$(SRCROOT)/../../JuceLibraryCode/modules",
					"$(inherited)",
				);
				INFOPLIST_FILE = Info-App.plist;
				INFOPLIST_PREPROCESS = NO;
				INSTALL_PATH = "$(HOME)/Applications";
				LLVM_LTO = YES_THIN;
				MTL_HEADER_SEARCH_PATHS = "$(SRCROOT)/../../JuceLibraryCode $(SRCROOT)/../../JuceLibraryCode/modules";
				PRODUCT_BUNDLE_IDENTIFIER = com.yourcompany.eksEndLoop;
				PRODUCT_NAME = "eksEndLoop";
				USE_HEADERMAP = NO;
			};
			name = Release;
		};
		9D058A89EBE8E611973A8DA1 /* Debug */ = {
			isa = XCBuildConfiguration;
			buildSettings = {
				ALWAYS_SEARCH_USER_PATHS = NO;
				CLANG_ENABLE_OBJC_WEAK = YES;
				CLANG_WARN_BLOCK_CAPTURE_AUTORELEASING = YES;
				CLANG_WARN_BOOL_CONVERSION = YES;
				CLANG_WARN_COMMA = YES;
				CLANG_WARN_CONSTANT_CONVERSION = YES;
				CLANG_WARN_DEPRECATED_OBJC_IMPLEMENTATIONS = YES;
				CLANG_WARN_EMPTY_BODY = YES;
				CLANG_WARN_ENUM_CONVERSION = YES;
				CLANG_WARN_INFINITE_RECURSION = YES;
				CLANG_WARN_INT_CONVERSION = YES;
				CLANG_WARN_NON_LITERAL_NULL_CONVERSION = YES;
				CLANG_WARN_OBJC_IMPLICIT_RETAIN_SELF = YES;
				CLANG_WARN_OBJC_LITERAL_CONVERSION = YES;
				CLANG_WARN_RANGE_LOOP_ANALYSIS = YES;
				CLANG_WARN_STRICT_PROTOTYPES = YES;
				CLANG_WARN_SUSPICIOUS_MOVE = YES;
				CLANG_WARN_UNREACHABLE_CODE = YES;
				CLANG_WARN__DUPLICATE_METHOD_MATCH = YES;
				DEBUG_INFORMATION_FORMAT = dwarf;
				ENABLE_STRICT_OBJC_MSGSEND = YES;
				ENABLE_TESTABILITY = NO;
				GCC_C_LANGUAGE_STANDARD = c11;
				GCC_INLINES_ARE_PRIVATE_EXTERN = YES;
				GCC_MODEL_TUNING = G5;
				GCC_NO_COMMON_BLOCKS = YES;
				GCC_SYMBOLS_PRIVATE_EXTERN = YES;
				GCC_WARN_64_TO_32_BIT_CONVERSION = YES;
				GCC_WARN_ABOUT_RETURN_TYPE = YES;
				GCC_WARN_CHECK_SWITCH_STATEMENTS = YES;
				GCC_WARN_MISSING_PARENTHESES = YES;
				GCC_WARN_NON_VIRTUAL_DESTRUCTOR = YES;
				GCC_WARN_TYPECHECK_CALLS_TO_PRINTF = YES;
				GCC_WARN_UNDECLARED_SELECTOR = YES;
				GCC_WARN_UNINITIALIZED_AUTOS = YES;
				GCC_WARN_UNUSED_FUNCTION = YES;
				GCC_WARN_UNUSED_VARIABLE = YES;
				IPHONEOS_DEPLOYMENT_TARGET = 12.0;
				ONLY_ACTIVE_ARCH = YES;
				PRODUCT_NAME = "eksEndLoop";
				SDKROOT = iphoneos;
				TARGETED_DEVICE_FAMILY = "1,2";
				WARNING_CFLAGS = "-Wreorder";
				ZERO_LINK = NO;
			};
			name = Debug;
		};
		CF1C04BB74B21E4C355D183A /* Debug */ = {
			isa = XCBuildConfiguration;
			buildSettings = {
				ASSETCATALOG_COMPILER_APPICON_NAME = AppIcon;
				CLANG_CXX_LANGUAGE_STANDARD = "c++17";
				CLANG_CXX_LIBRARY = "libc++";
				CLANG_LINK_OBJC_RUNTIME = NO;
				COMBINE_HIDPI_IMAGES = YES;
				CONFIGURATION_BUILD_DIR = "$(PROJECT_DIR)/build/$(CONFIGURATION)";
				COPY_PHASE_STRIP = NO;
				GCC_DYNAMIC_NO_PIC = NO;
				GCC_OPTIMIZATION_LEVEL = 0;
				GCC_PREPROCESSOR_DEFINITIONS = (
					"_DEBUG=1",
					"DEBUG=1",
					"JUCE_CONTENT_SHARING=1",
					"JUCE_DISPLAY_SPLASH_SCREEN=1",
					"JUCE_USE_DARK_SPLASH_SCREEN=1",
					"JUCE_PROJUCER_VERSION=0x7000c",
					"JUCE_MODULE_AVAILABLE_juce_core=1",
					"JUCE_MODULE_AVAILABLE_juce_data_structures=1",
					"JUCE_MODULE_AVAILABLE_juce_events=1",
					"JUCE_MODULE_AVAILABLE_juce_graphics=1",
					"JUCE_MODULE_AVAILABLE_juce_gui_basics=1",
					"JUCE_GLOBAL_MODULE_SETTINGS_INCLUDED=1",
					"JUCE_STRICT_REFCOUNTEDPOINTER=1",
					"JUCE_STANDALONE_APPLICATION=1",
					"JUCER_XCODE_IPHONE_5BC26AE3=1",
					"JUCE_APP_VERSION=1.0.0",
					"JUCE_APP_VERSION_HEX=0x10000",
					"JucePlugin_Build_VST=0",
					"JucePlugin_Build_VST3=0",
					"JucePlugin_Build_AU=0",
					"JucePlugin_Build_AUv3=0",
					"JucePlugin_Build_AAX=0",
					"JucePlugin_Build_Standalone=0",
					"JucePlugin_Build_Unity=0",
					"JucePlugin_Build_LV2=0",
				);
				GCC_VERSION = com.apple.compilers.llvm.clang.1_0;
				HEADER_SEARCH_PATHS = (
					"$(SRCROOT)/../../JuceLibraryCode",
					"$(SRCROOT)/../../JuceLibraryCode/modules",
					"$(inherited)",
				);
				INFOPLIST_FILE = Info-App.plist;
				INFOPLIST_PREPROCESS = NO;
				INSTALL_PATH = "$(HOME)/Applications";
				MTL_HEADER_SEARCH_PATHS = "$(SRCROOT)/../../JuceLibraryCode $(SRCROOT)/../../JuceLibraryCode/modules";
				PRODUCT_BUNDLE_IDENTIFIER = com.yourcompany.eksEndLoop;
				PRODUCT_NAME = "eksEndLoop";
				USE_HEADERMAP = NO;
			};
			name = Debug;
		};
		F1C3B14F76C162A934A621DF /* Release */ = {
			isa = XCBuildConfiguration;
			buildSettings = {
				ALWAYS_SEARCH_USER_PATHS = NO;
				CLANG_ENABLE_OBJC_WEAK = YES;
				CLANG_WARN_BLOCK_CAPTURE_AUTORELEASING = YES;
				CLANG_WARN_BOOL_CONVERSION = YES;
				CLANG_WARN_COMMA = YES;
				CLANG_WARN_CONSTANT_CONVERSION = YES;
				CLANG_WARN_DEPRECATED_OBJC_IMPLEMENTATIONS = YES;
				CLANG_WARN_EMPTY_BODY = YES;
				CLANG_WARN_ENUM_CONVERSION = YES;
				CLANG_WARN_INFINITE_RECURSION = YES;
				CLANG_WARN_INT_CONVERSION = YES;
				CLANG_WARN_NON_LITERAL_NULL_CONVERSION = YES;
				CLANG_WARN_OBJC_IMPLICIT_RETAIN_SELF = YES;
				CLANG_WARN_OBJC_LITERAL_CONVERSION = YES;
				CLANG_WARN_RANGE_LOOP_ANALYSIS = YES;
				CLANG_WARN_STRICT_PROTOTYPES = YES;
				CLANG_WARN_SUSPICIOUS_MOVE = YES;
				CLANG_WARN_UNREACHABLE_CODE = YES;
				CLANG_WARN__DUPLICATE_METHOD_MATCH = YES;
				DEBUG_INFORMATION_FORMAT = dwarf;
				ENABLE_STRICT_OBJC_MSGSEND = YES;
				ENABLE_TESTABILITY = NO;
				GCC_C_LANGUAGE_STANDARD = c11;
				GCC_INLINES_ARE_PRIVATE_EXTERN = YES;
				GCC_MODEL_TUNING = G5;
				GCC_NO_COMMON_BLOCKS = YES;
				GCC_SYMBOLS_PRIVATE_EXTERN = YES;
				GCC_WARN_64_TO_32_BIT_CONVERSION = YES;
				GCC_WARN_ABOUT_RETURN_TYPE = YES;
				GCC_WARN_CHECK_SWITCH_STATEMENTS = YES;
				GCC_WARN_MISSING_PARENTHESES = YES;
				GCC_WARN_NON_VIRTUAL_DESTRUCTOR = YES;
				GCC_WARN_TYPECHECK_CALLS_TO_PRINTF = YES;
				GCC_WARN_UNDECLARED_SELECTOR = YES;
				GCC_WARN_UNINITIALIZED_AUTOS = YES;
				GCC_WARN_UNUSED_FUNCTION = YES;
				GCC_WARN_UNUSED_VARIABLE = YES;
				IPHONEOS_DEPLOYMENT_TARGET = 12.0;
				PRODUCT_NAME = "eksEndLoop";
				SDKROOT = iphoneos;
				TARGETED_DEVICE_FAMILY = "1,2";
				WARNING_CFLAGS = "-Wreorder";
				ZERO_LINK = NO;
			};
			name = Release;
		};
/* End XCBuildConfiguration section */

/* Begin XCConfigurationList section */
		36576D1C0A705721E0A7E90F = {
			isa = XCConfigurationList;
			buildConfigurations = (
				9D058A89EBE8E611973A8DA1,
				F1C3B14F76C162A934A621DF,
			);
			defaultConfigurationIsVisible = 0;
			defaultConfigurationName = Debug;
		};
		CE7438B7EB1276960848517D = {
			isa = XCConfigurationList;
			buildConfigurations = (
				CF1C04BB74B21E4C355D183A,
				8B6DB163518B4454E83053FC,
			);
			defaultConfigurationIsVisible = 0;
			defaultConfigurationName = Debug;
		};
/* End XCConfigurationList section */
	};
	rootObject = E2EB999F174AC299AAAEAF77 /* Project object */;
}
